
Microsoft Visual Studio Solution File, Format Version 12.00
# Visual Studio Version 17
VisualStudioVersion = 17.5.002.0
MinimumVisualStudioVersion = 10.0.40219.1
Project("{9A19103F-16F7-4668-BE54-9A1E7A4F7556}") = "DesafioPOO", "DesafioPOO.csproj", "{4B77DE17-A11D-4DB3-B8D7-28EA37A66398}"
EndProject
Global
	GlobalSection(SolutionConfigurationPlatforms) = preSolution
		Debug|Any CPU = Debug|Any CPU
		Release|Any CPU = Release|Any CPU
	EndGlobalSection
	GlobalSection(ProjectConfigurationPlatforms) = postSolution
		{4B77DE17-A11D-4DB3-B8D7-28EA37A66398}.Debug|Any CPU.ActiveCfg = Debug|Any CPU
		{4B77DE17-A11D-4DB3-B8D7-28EA37A66398}.Debug|Any CPU.Build.0 = Debug|Any CPU
		{4B77DE17-A11D-4DB3-B8D7-28EA37A66398}.Release|Any CPU.ActiveCfg = Release|Any CPU
		{4B77DE17-A11D-4DB3-B8D7-28EA37A66398}.Release|Any CPU.Build.0 = Release|Any CPU
	EndGlobalSection
	GlobalSection(SolutionProperties) = preSolution
		HideSolutionNode = FALSE
	EndGlobalSection
	GlobalSection(ExtensibilityGlobals) = postSolution
		SolutionGuid = {20E762E9-4065-4562-8393-70A8B36E4A8D}
	EndGlobalSection
EndGlobal
